PODS:
  - DynamicBlurView (4.1.0)
  - Introspect (0.1.4)
  - IQKeyboardManagerSwift (6.5.9)
  - PopupDialog (1.1.1):
    - DynamicBlurView (~> 4.0)
  - ReachabilitySwift (5.0.0)
  - RxSwift (6.5.0)
  - SwiftDate (6.3.1)
  - SwifterSwift (5.2.0):
    - SwifterSwift/AppKit (= 5.2.0)
    - SwifterSwift/CoreAnimation (= 5.2.0)
    - SwifterSwift/CoreGraphics (= 5.2.0)
    - SwifterSwift/CoreLocation (= 5.2.0)
    - SwifterSwift/Dispatch (= 5.2.0)
    - SwifterSwift/Foundation (= 5.2.0)
    - SwifterSwift/MapKit (= 5.2.0)
    - SwifterSwift/SceneKit (= 5.2.0)
    - SwifterSwift/SpriteKit (= 5.2.0)
    - SwifterSwift/StoreKit (= 5.2.0)
    - SwifterSwift/SwiftStdlib (= 5.2.0)
    - SwifterSwift/UIKit (= 5.2.0)
  - SwifterSwift/AppKit (5.2.0)
  - SwifterSwift/CoreAnimation (5.2.0)
  - SwifterSwift/CoreGraphics (5.2.0)
  - SwifterSwift/CoreLocation (5.2.0)
  - SwifterSwift/Dispatch (5.2.0)
  - SwifterSwift/Foundation (5.2.0)
  - SwifterSwift/MapKit (5.2.0)
  - SwifterSwift/SceneKit (5.2.0)
  - SwifterSwift/SpriteKit (5.2.0)
  - SwifterSwift/StoreKit (5.2.0)
  - SwifterSwift/SwiftStdlib (5.2.0)
  - SwifterSwift/UIKit (5.2.0)
  - Swinject (2.8.1)
  - Toast-Swift (5.0.1)

DEPENDENCIES:
  - Introspect
  - IQKeyboardManagerSwift
  - PopupDialog
  - ReachabilitySwift
  - RxSwift
  - SwiftDate
  - SwifterSwift
  - Swinject
  - Toast-Swift

SPEC REPOS:
  trunk:
    - DynamicBlurView
    - Introspect
    - IQKeyboardManagerSwift
    - PopupDialog
    - ReachabilitySwift
    - RxSwift
    - SwiftDate
    - SwifterSwift
    - Swinject
    - Toast-Swift

SPEC CHECKSUMS:
  DynamicBlurView: 58e18fae80bb614e34681a4486870e7d257b62e8
  Introspect: b62c4dd2063072327c21d618ef2bedc3c87bc366
  IQKeyboardManagerSwift: 6e839c575c4aa1078d58a596e41244e77abe918f
  PopupDialog: 720c92befd8bc23c13442254945213db5612f149
  ReachabilitySwift: 985039c6f7b23a1da463388634119492ff86c825
  RxSwift: 5710a9e6b17f3c3d6e40d6e559b9fa1e813b2ef8
  SwiftDate: 72d28954e8e1c6c1c0f917ccc8005e4f83c7d4b2
  SwifterSwift: 334181863c416882d97b7a60c05054d9e4d799e2
  Swinject: 97112918bd7e0785dc2df7036213f3c8cbba6586
  Toast-Swift: 9b6a70f28b3bf0b96c40d46c0c4b9d6639846711

PODFILE CHECKSUM: 1a562903c75ec8c4f4fafe85528a12e3a5c2a482

COCOAPODS: 1.11.3
