// !$*UTF8*$!
{
	archiveVersion = 1;
	classes = {
	};
	objectVersion = 55;
	objects = {

/* Begin PBXBuildFile section */
		8604231427E32FEB0056EF17 /* Request.swift in Sources */ = {isa = PBXBuildFile; fileRef = 8604231327E32FEB0056EF17 /* Request.swift */; };
		8604231627E338E00056EF17 /* APIClient.swift in Sources */ = {isa = PBXBuildFile; fileRef = 8604231527E338E00056EF17 /* APIClient.swift */; };
		8604231827E8E2270056EF17 /* URLSessionProxyDelegate.swift in Sources */ = {isa = PBXBuildFile; fileRef = 8604231727E8E2270056EF17 /* URLSessionProxyDelegate.swift */; };
		8604231A27E8E47D0056EF17 /* Response.swift in Sources */ = {isa = PBXBuildFile; fileRef = 8604231927E8E47D0056EF17 /* Response.swift */; };
		8604231D27EA36AA0056EF17 /* Serializer.swift in Sources */ = {isa = PBXBuildFile; fileRef = 8604231C27EA36AA0056EF17 /* Serializer.swift */; };
		8604231F27EA36DB0056EF17 /* Common.swift in Sources */ = {isa = PBXBuildFile; fileRef = 8604231E27EA36DB0056EF17 /* Common.swift */; };
		8604232127EA375B0056EF17 /* URLRequest+Curl.swift in Sources */ = {isa = PBXBuildFile; fileRef = 8604232027EA375B0056EF17 /* URLRequest+Curl.swift */; };
		8604232327EA37780056EF17 /* DataLoader.swift in Sources */ = {isa = PBXBuildFile; fileRef = 8604232227EA37780056EF17 /* DataLoader.swift */; };
		8604232627EA38300056EF17 /* OperationQueue+MaxNumber.swift in Sources */ = {isa = PBXBuildFile; fileRef = 8604232527EA38300056EF17 /* OperationQueue+MaxNumber.swift */; };
		8604232827EAA8E70056EF17 /* APIError.swift in Sources */ = {isa = PBXBuildFile; fileRef = 8604232727EAA8E70056EF17 /* APIError.swift */; };
		8604232B27EAA92F0056EF17 /* APIClientDelegate.swift in Sources */ = {isa = PBXBuildFile; fileRef = 8604232A27EAA92F0056EF17 /* APIClientDelegate.swift */; };
		8604232D27EB8AB40056EF17 /* Endpoint.swift in Sources */ = {isa = PBXBuildFile; fileRef = 8604232C27EB8AB40056EF17 /* Endpoint.swift */; };
		8604232F27EB91790056EF17 /* ValidationType.swift in Sources */ = {isa = PBXBuildFile; fileRef = 8604232E27EB91790056EF17 /* ValidationType.swift */; };
		8604233327EBA1390056EF17 /* AFError.swift in Sources */ = {isa = PBXBuildFile; fileRef = 8604233227EBA1390056EF17 /* AFError.swift */; };
		8604233527EBA2400056EF17 /* ServerTrustManager.swift in Sources */ = {isa = PBXBuildFile; fileRef = 8604233427EBA2400056EF17 /* ServerTrustManager.swift */; };
		8604233827EBAE5D0056EF17 /* Task.swift in Sources */ = {isa = PBXBuildFile; fileRef = 8604233727EBAE5D0056EF17 /* Task.swift */; };
		8604233A27ECADBD0056EF17 /* UserAPI.swift in Sources */ = {isa = PBXBuildFile; fileRef = 8604233927ECADBD0056EF17 /* UserAPI.swift */; };
		8604233D27ECB2DF0056EF17 /* UserNetwork.swift in Sources */ = {isa = PBXBuildFile; fileRef = 8604233C27ECB2DF0056EF17 /* UserNetwork.swift */; };
		8604234027ECB42C0056EF17 /* NetworkingType.swift in Sources */ = {isa = PBXBuildFile; fileRef = 8604233F27ECB42C0056EF17 /* NetworkingType.swift */; };
		8604234227ECB7360056EF17 /* NetworkingConstructor.swift in Sources */ = {isa = PBXBuildFile; fileRef = 8604234127ECB7360056EF17 /* NetworkingConstructor.swift */; };
		8604234427ECBAA50056EF17 /* Plugin.swift in Sources */ = {isa = PBXBuildFile; fileRef = 8604234327ECBAA50056EF17 /* Plugin.swift */; };
		8604234627ECD8A30056EF17 /* OnlineProvider.swift in Sources */ = {isa = PBXBuildFile; fileRef = 8604234527ECD8A30056EF17 /* OnlineProvider.swift */; };
		8604234827ED01B00056EF17 /* RequestFactory.swift in Sources */ = {isa = PBXBuildFile; fileRef = 8604234727ED01B00056EF17 /* RequestFactory.swift */; };
		8604234A27ED07F00056EF17 /* BaseNetwork.swift in Sources */ = {isa = PBXBuildFile; fileRef = 8604234927ED07F00056EF17 /* BaseNetwork.swift */; };
		8604234C27ED08AD0056EF17 /* DateExtensions.swift in Sources */ = {isa = PBXBuildFile; fileRef = 8604234B27ED08AD0056EF17 /* DateExtensions.swift */; };
		8604235927EDF0E30056EF17 /* AppRootView.swift in Sources */ = {isa = PBXBuildFile; fileRef = 8604235627EDF0E30056EF17 /* AppRootView.swift */; };
		8604235A27EDF0E30056EF17 /* AppRootViewModel.swift in Sources */ = {isa = PBXBuildFile; fileRef = 8604235727EDF0E30056EF17 /* AppRootViewModel.swift */; };
		8604235B27EDF0E30056EF17 /* AppRootCoordinator.swift in Sources */ = {isa = PBXBuildFile; fileRef = 8604235827EDF0E30056EF17 /* AppRootCoordinator.swift */; };
		8604235E27EDF1530056EF17 /* HomeContentView.swift in Sources */ = {isa = PBXBuildFile; fileRef = 8604235D27EDF1530056EF17 /* HomeContentView.swift */; };
		8604236027EDF17B0056EF17 /* HomeCoordinator.swift in Sources */ = {isa = PBXBuildFile; fileRef = 8604235F27EDF17B0056EF17 /* HomeCoordinator.swift */; };
		8604236227EDF1850056EF17 /* HomeViewModel.swift in Sources */ = {isa = PBXBuildFile; fileRef = 8604236127EDF1850056EF17 /* HomeViewModel.swift */; };
		8604236927EDF4680056EF17 /* Repository.swift in Sources */ = {isa = PBXBuildFile; fileRef = 8604236827EDF4680056EF17 /* Repository.swift */; };
		8604236C27EDF5060056EF17 /* AppDelegate.swift in Sources */ = {isa = PBXBuildFile; fileRef = 8604236B27EDF5060056EF17 /* AppDelegate.swift */; };
		8604236F27EDF5C80056EF17 /* BaseCoordinator.swift in Sources */ = {isa = PBXBuildFile; fileRef = 8604236E27EDF5C80056EF17 /* BaseCoordinator.swift */; };
		8604237227EDF6E30056EF17 /* SplashView.swift in Sources */ = {isa = PBXBuildFile; fileRef = 8604237127EDF6E20056EF17 /* SplashView.swift */; };
		8604237727EDF83A0056EF17 /* TextShimmer.swift in Sources */ = {isa = PBXBuildFile; fileRef = 8604237627EDF83A0056EF17 /* TextShimmer.swift */; };
		8604237927EDF9B50056EF17 /* NotificationManager.swift in Sources */ = {isa = PBXBuildFile; fileRef = 8604237827EDF9B50056EF17 /* NotificationManager.swift */; };
		8604237B27EDFA3F0056EF17 /* AppSetting.swift in Sources */ = {isa = PBXBuildFile; fileRef = 8604237A27EDFA3F0056EF17 /* AppSetting.swift */; };
		8604237D27EDFC710056EF17 /* UserUseCase.swift in Sources */ = {isa = PBXBuildFile; fileRef = 8604237C27EDFC710056EF17 /* UserUseCase.swift */; };
		8604238127EDFCE80056EF17 /* NetworkLogger.swift in Sources */ = {isa = PBXBuildFile; fileRef = 8604238027EDFCE70056EF17 /* NetworkLogger.swift */; };
		86FE295127DC8E6000EF2C70 /* CodeBaseProjectApp.swift in Sources */ = {isa = PBXBuildFile; fileRef = 86FE295027DC8E6000EF2C70 /* CodeBaseProjectApp.swift */; };
		86FE295327DC8E6000EF2C70 /* ContentView.swift in Sources */ = {isa = PBXBuildFile; fileRef = 86FE295227DC8E6000EF2C70 /* ContentView.swift */; };
		86FE295527DC8E6300EF2C70 /* Assets.xcassets in Resources */ = {isa = PBXBuildFile; fileRef = 86FE295427DC8E6300EF2C70 /* Assets.xcassets */; };
		86FE295827DC8E6300EF2C70 /* Preview Assets.xcassets in Resources */ = {isa = PBXBuildFile; fileRef = 86FE295727DC8E6300EF2C70 /* Preview Assets.xcassets */; };
		86FE296227DC8E6300EF2C70 /* CodeBaseProjectTests.swift in Sources */ = {isa = PBXBuildFile; fileRef = 86FE296127DC8E6300EF2C70 /* CodeBaseProjectTests.swift */; };
		86FE296C27DC8E6300EF2C70 /* CodeBaseProjectUITests.swift in Sources */ = {isa = PBXBuildFile; fileRef = 86FE296B27DC8E6300EF2C70 /* CodeBaseProjectUITests.swift */; };
		86FE296E27DC8E6300EF2C70 /* CodeBaseProjectUITestsLaunchTests.swift in Sources */ = {isa = PBXBuildFile; fileRef = 86FE296D27DC8E6300EF2C70 /* CodeBaseProjectUITestsLaunchTests.swift */; };
/* End PBXBuildFile section */

/* Begin PBXContainerItemProxy section */
		86FE295E27DC8E6300EF2C70 /* PBXContainerItemProxy */ = {
			isa = PBXContainerItemProxy;
			containerPortal = 86FE294527DC8E6000EF2C70 /* Project object */;
			proxyType = 1;
			remoteGlobalIDString = 86FE294C27DC8E6000EF2C70;
			remoteInfo = CodeBaseProject;
		};
		86FE296827DC8E6300EF2C70 /* PBXContainerItemProxy */ = {
			isa = PBXContainerItemProxy;
			containerPortal = 86FE294527DC8E6000EF2C70 /* Project object */;
			proxyType = 1;
			remoteGlobalIDString = 86FE294C27DC8E6000EF2C70;
			remoteInfo = CodeBaseProject;
		};
/* End PBXContainerItemProxy section */

/* Begin PBXFileReference section */
		8604231327E32FEB0056EF17 /* Request.swift */ = {isa = PBXFileReference; lastKnownFileType = sourcecode.swift; path = Request.swift; sourceTree = "<group>"; };
		8604231527E338E00056EF17 /* APIClient.swift */ = {isa = PBXFileReference; lastKnownFileType = sourcecode.swift; path = APIClient.swift; sourceTree = "<group>"; };
		8604231727E8E2270056EF17 /* URLSessionProxyDelegate.swift */ = {isa = PBXFileReference; lastKnownFileType = sourcecode.swift; path = URLSessionProxyDelegate.swift; sourceTree = "<group>"; };
		8604231927E8E47D0056EF17 /* Response.swift */ = {isa = PBXFileReference; lastKnownFileType = sourcecode.swift; path = Response.swift; sourceTree = "<group>"; };
		8604231C27EA36AA0056EF17 /* Serializer.swift */ = {isa = PBXFileReference; lastKnownFileType = sourcecode.swift; path = Serializer.swift; sourceTree = "<group>"; };
		8604231E27EA36DB0056EF17 /* Common.swift */ = {isa = PBXFileReference; lastKnownFileType = sourcecode.swift; path = Common.swift; sourceTree = "<group>"; };
		8604232027EA375B0056EF17 /* URLRequest+Curl.swift */ = {isa = PBXFileReference; lastKnownFileType = sourcecode.swift; path = "URLRequest+Curl.swift"; sourceTree = "<group>"; };
		8604232227EA37780056EF17 /* DataLoader.swift */ = {isa = PBXFileReference; lastKnownFileType = sourcecode.swift; path = DataLoader.swift; sourceTree = "<group>"; };
		8604232527EA38300056EF17 /* OperationQueue+MaxNumber.swift */ = {isa = PBXFileReference; lastKnownFileType = sourcecode.swift; path = "OperationQueue+MaxNumber.swift"; sourceTree = "<group>"; };
		8604232727EAA8E70056EF17 /* APIError.swift */ = {isa = PBXFileReference; lastKnownFileType = sourcecode.swift; path = APIError.swift; sourceTree = "<group>"; };
		8604232A27EAA92F0056EF17 /* APIClientDelegate.swift */ = {isa = PBXFileReference; lastKnownFileType = sourcecode.swift; path = APIClientDelegate.swift; sourceTree = "<group>"; };
		8604232C27EB8AB40056EF17 /* Endpoint.swift */ = {isa = PBXFileReference; lastKnownFileType = sourcecode.swift; path = Endpoint.swift; sourceTree = "<group>"; };
		8604232E27EB91790056EF17 /* ValidationType.swift */ = {isa = PBXFileReference; lastKnownFileType = sourcecode.swift; path = ValidationType.swift; sourceTree = "<group>"; };
		8604233227EBA1390056EF17 /* AFError.swift */ = {isa = PBXFileReference; lastKnownFileType = sourcecode.swift; path = AFError.swift; sourceTree = "<group>"; };
		8604233427EBA2400056EF17 /* ServerTrustManager.swift */ = {isa = PBXFileReference; lastKnownFileType = sourcecode.swift; path = ServerTrustManager.swift; sourceTree = "<group>"; };
		8604233727EBAE5D0056EF17 /* Task.swift */ = {isa = PBXFileReference; lastKnownFileType = sourcecode.swift; path = Task.swift; sourceTree = "<group>"; };
		8604233927ECADBD0056EF17 /* UserAPI.swift */ = {isa = PBXFileReference; lastKnownFileType = sourcecode.swift; path = UserAPI.swift; sourceTree = "<group>"; };
		8604233C27ECB2DF0056EF17 /* UserNetwork.swift */ = {isa = PBXFileReference; lastKnownFileType = sourcecode.swift; path = UserNetwork.swift; sourceTree = "<group>"; };
		8604233F27ECB42C0056EF17 /* NetworkingType.swift */ = {isa = PBXFileReference; lastKnownFileType = sourcecode.swift; path = NetworkingType.swift; sourceTree = "<group>"; };
		8604234127ECB7360056EF17 /* NetworkingConstructor.swift */ = {isa = PBXFileReference; lastKnownFileType = sourcecode.swift; path = NetworkingConstructor.swift; sourceTree = "<group>"; };
		8604234327ECBAA50056EF17 /* Plugin.swift */ = {isa = PBXFileReference; lastKnownFileType = sourcecode.swift; path = Plugin.swift; sourceTree = "<group>"; };
		8604234527ECD8A30056EF17 /* OnlineProvider.swift */ = {isa = PBXFileReference; lastKnownFileType = sourcecode.swift; path = OnlineProvider.swift; sourceTree = "<group>"; };
		8604234727ED01B00056EF17 /* RequestFactory.swift */ = {isa = PBXFileReference; lastKnownFileType = sourcecode.swift; path = RequestFactory.swift; sourceTree = "<group>"; };
		8604234927ED07F00056EF17 /* BaseNetwork.swift */ = {isa = PBXFileReference; lastKnownFileType = sourcecode.swift; path = BaseNetwork.swift; sourceTree = "<group>"; };
		8604234B27ED08AD0056EF17 /* DateExtensions.swift */ = {isa = PBXFileReference; lastKnownFileType = sourcecode.swift; path = DateExtensions.swift; sourceTree = "<group>"; };
		8604235627EDF0E30056EF17 /* AppRootView.swift */ = {isa = PBXFileReference; fileEncoding = 4; lastKnownFileType = sourcecode.swift; path = AppRootView.swift; sourceTree = "<group>"; };
		8604235727EDF0E30056EF17 /* AppRootViewModel.swift */ = {isa = PBXFileReference; fileEncoding = 4; lastKnownFileType = sourcecode.swift; path = AppRootViewModel.swift; sourceTree = "<group>"; };
		8604235827EDF0E30056EF17 /* AppRootCoordinator.swift */ = {isa = PBXFileReference; fileEncoding = 4; lastKnownFileType = sourcecode.swift; path = AppRootCoordinator.swift; sourceTree = "<group>"; };
		8604235D27EDF1530056EF17 /* HomeContentView.swift */ = {isa = PBXFileReference; lastKnownFileType = sourcecode.swift; path = HomeContentView.swift; sourceTree = "<group>"; };
		8604235F27EDF17B0056EF17 /* HomeCoordinator.swift */ = {isa = PBXFileReference; lastKnownFileType = sourcecode.swift; path = HomeCoordinator.swift; sourceTree = "<group>"; };
		8604236127EDF1850056EF17 /* HomeViewModel.swift */ = {isa = PBXFileReference; lastKnownFileType = sourcecode.swift; path = HomeViewModel.swift; sourceTree = "<group>"; };
		8604236827EDF4680056EF17 /* Repository.swift */ = {isa = PBXFileReference; lastKnownFileType = sourcecode.swift; path = Repository.swift; sourceTree = "<group>"; };
		8604236B27EDF5060056EF17 /* AppDelegate.swift */ = {isa = PBXFileReference; lastKnownFileType = sourcecode.swift; path = AppDelegate.swift; sourceTree = "<group>"; };
		8604236E27EDF5C80056EF17 /* BaseCoordinator.swift */ = {isa = PBXFileReference; lastKnownFileType = sourcecode.swift; path = BaseCoordinator.swift; sourceTree = "<group>"; };
		8604237127EDF6E20056EF17 /* SplashView.swift */ = {isa = PBXFileReference; lastKnownFileType = sourcecode.swift; path = SplashView.swift; sourceTree = "<group>"; };
		8604237627EDF83A0056EF17 /* TextShimmer.swift */ = {isa = PBXFileReference; lastKnownFileType = sourcecode.swift; path = TextShimmer.swift; sourceTree = "<group>"; };
		8604237827EDF9B50056EF17 /* NotificationManager.swift */ = {isa = PBXFileReference; lastKnownFileType = sourcecode.swift; path = NotificationManager.swift; sourceTree = "<group>"; };
		8604237A27EDFA3F0056EF17 /* AppSetting.swift */ = {isa = PBXFileReference; lastKnownFileType = sourcecode.swift; path = AppSetting.swift; sourceTree = "<group>"; };
		8604237C27EDFC710056EF17 /* UserUseCase.swift */ = {isa = PBXFileReference; lastKnownFileType = sourcecode.swift; path = UserUseCase.swift; sourceTree = "<group>"; };
		8604238027EDFCE70056EF17 /* NetworkLogger.swift */ = {isa = PBXFileReference; lastKnownFileType = sourcecode.swift; path = NetworkLogger.swift; sourceTree = "<group>"; };
		86FE294D27DC8E6000EF2C70 /* CodeBaseProject.app */ = {isa = PBXFileReference; explicitFileType = wrapper.application; includeInIndex = 0; path = CodeBaseProject.app; sourceTree = BUILT_PRODUCTS_DIR; };
		86FE295027DC8E6000EF2C70 /* CodeBaseProjectApp.swift */ = {isa = PBXFileReference; lastKnownFileType = sourcecode.swift; path = CodeBaseProjectApp.swift; sourceTree = "<group>"; };
		86FE295227DC8E6000EF2C70 /* ContentView.swift */ = {isa = PBXFileReference; lastKnownFileType = sourcecode.swift; path = ContentView.swift; sourceTree = "<group>"; };
		86FE295427DC8E6300EF2C70 /* Assets.xcassets */ = {isa = PBXFileReference; lastKnownFileType = folder.assetcatalog; path = Assets.xcassets; sourceTree = "<group>"; };
		86FE295727DC8E6300EF2C70 /* Preview Assets.xcassets */ = {isa = PBXFileReference; lastKnownFileType = folder.assetcatalog; path = "Preview Assets.xcassets"; sourceTree = "<group>"; };
		86FE295D27DC8E6300EF2C70 /* CodeBaseProjectTests.xctest */ = {isa = PBXFileReference; explicitFileType = wrapper.cfbundle; includeInIndex = 0; path = CodeBaseProjectTests.xctest; sourceTree = BUILT_PRODUCTS_DIR; };
		86FE296127DC8E6300EF2C70 /* CodeBaseProjectTests.swift */ = {isa = PBXFileReference; lastKnownFileType = sourcecode.swift; path = CodeBaseProjectTests.swift; sourceTree = "<group>"; };
		86FE296727DC8E6300EF2C70 /* CodeBaseProjectUITests.xctest */ = {isa = PBXFileReference; explicitFileType = wrapper.cfbundle; includeInIndex = 0; path = CodeBaseProjectUITests.xctest; sourceTree = BUILT_PRODUCTS_DIR; };
		86FE296B27DC8E6300EF2C70 /* CodeBaseProjectUITests.swift */ = {isa = PBXFileReference; lastKnownFileType = sourcecode.swift; path = CodeBaseProjectUITests.swift; sourceTree = "<group>"; };
		86FE296D27DC8E6300EF2C70 /* CodeBaseProjectUITestsLaunchTests.swift */ = {isa = PBXFileReference; lastKnownFileType = sourcecode.swift; path = CodeBaseProjectUITestsLaunchTests.swift; sourceTree = "<group>"; };
/* End PBXFileReference section */

/* Begin PBXFrameworksBuildPhase section */
		86FE294A27DC8E6000EF2C70 /* Frameworks */ = {
			isa = PBXFrameworksBuildPhase;
			buildActionMask = 2147483647;
			files = (
			);
			runOnlyForDeploymentPostprocessing = 0;
		};
		86FE295A27DC8E6300EF2C70 /* Frameworks */ = {
			isa = PBXFrameworksBuildPhase;
			buildActionMask = 2147483647;
			files = (
			);
			runOnlyForDeploymentPostprocessing = 0;
		};
		86FE296427DC8E6300EF2C70 /* Frameworks */ = {
			isa = PBXFrameworksBuildPhase;
			buildActionMask = 2147483647;
			files = (
			);
			runOnlyForDeploymentPostprocessing = 0;
		};
/* End PBXFrameworksBuildPhase section */

/* Begin PBXGroup section */
		8604231127E32FB20056EF17 /* Network */ = {
			isa = PBXGroup;
			children = (
				8604233B27ECB2BC0056EF17 /* API */,
				8604232927EAA9240056EF17 /* Client */,
				8604231B27EA361F0056EF17 /* Helper */,
				8604233627EBAB430056EF17 /* Others */,
			);
			path = Network;
			sourceTree = "<group>";
		};
		8604231B27EA361F0056EF17 /* Helper */ = {
			isa = PBXGroup;
			children = (
				8604232427EA37CA0056EF17 /* Extension */,
				8604231E27EA36DB0056EF17 /* Common.swift */,
				8604232227EA37780056EF17 /* DataLoader.swift */,
				8604231C27EA36AA0056EF17 /* Serializer.swift */,
				8604231727E8E2270056EF17 /* URLSessionProxyDelegate.swift */,
				8604234B27ED08AD0056EF17 /* DateExtensions.swift */,
			);
			path = Helper;
			sourceTree = "<group>";
		};
		8604232427EA37CA0056EF17 /* Extension */ = {
			isa = PBXGroup;
			children = (
				8604232027EA375B0056EF17 /* URLRequest+Curl.swift */,
				8604232527EA38300056EF17 /* OperationQueue+MaxNumber.swift */,
			);
			path = Extension;
			sourceTree = "<group>";
		};
		8604232927EAA9240056EF17 /* Client */ = {
			isa = PBXGroup;
			children = (
				8604233E27ECB4150056EF17 /* Adapter */,
				8604232C27EB8AB40056EF17 /* Endpoint.swift */,
				8604233727EBAE5D0056EF17 /* Task.swift */,
				8604232727EAA8E70056EF17 /* APIError.swift */,
				8604231927E8E47D0056EF17 /* Response.swift */,
				8604231327E32FEB0056EF17 /* Request.swift */,
				8604232A27EAA92F0056EF17 /* APIClientDelegate.swift */,
				8604231527E338E00056EF17 /* APIClient.swift */,
			);
			path = Client;
			sourceTree = "<group>";
		};
		8604233627EBAB430056EF17 /* Others */ = {
			isa = PBXGroup;
			children = (
				8604232E27EB91790056EF17 /* ValidationType.swift */,
				8604233227EBA1390056EF17 /* AFError.swift */,
				8604233427EBA2400056EF17 /* ServerTrustManager.swift */,
				8604234327ECBAA50056EF17 /* Plugin.swift */,
			);
			path = Others;
			sourceTree = "<group>";
		};
		8604233B27ECB2BC0056EF17 /* API */ = {
			isa = PBXGroup;
			children = (
				8604234927ED07F00056EF17 /* BaseNetwork.swift */,
				8604234D27ED0E360056EF17 /* User */,
			);
			path = API;
			sourceTree = "<group>";
		};
		8604233E27ECB4150056EF17 /* Adapter */ = {
			isa = PBXGroup;
			children = (
				8604234727ED01B00056EF17 /* RequestFactory.swift */,
				8604234127ECB7360056EF17 /* NetworkingConstructor.swift */,
				8604233F27ECB42C0056EF17 /* NetworkingType.swift */,
				8604234527ECD8A30056EF17 /* OnlineProvider.swift */,
			);
			path = Adapter;
			sourceTree = "<group>";
		};
		8604234D27ED0E360056EF17 /* User */ = {
			isa = PBXGroup;
			children = (
				8604233C27ECB2DF0056EF17 /* UserNetwork.swift */,
				8604233927ECADBD0056EF17 /* UserAPI.swift */,
			);
			path = User;
			sourceTree = "<group>";
		};
		8604234F27EDEE9F0056EF17 /* Domain */ = {
			isa = PBXGroup;
			children = (
				8604235427EDF0630056EF17 /* UseCases */,
				8604235527EDF0730056EF17 /* Repositories */,
			);
			path = Domain;
			sourceTree = "<group>";
		};
		8604235127EDEEF30056EF17 /* Screens */ = {
			isa = PBXGroup;
			children = (
				8604236D27EDF5B50056EF17 /* Root */,
				8604235C27EDF1160056EF17 /* Home */,
			);
			path = Screens;
			sourceTree = "<group>";
		};
		8604235327EDEFF10056EF17 /* App */ = {
			isa = PBXGroup;
			children = (
				8604238227EE00920056EF17 /* MainUI */,
				8604237A27EDFA3F0056EF17 /* AppSetting.swift */,
				86FE295427DC8E6300EF2C70 /* Assets.xcassets */,
			);
			path = App;
			sourceTree = "<group>";
		};
		8604235427EDF0630056EF17 /* UseCases */ = {
			isa = PBXGroup;
			children = (
				8604237C27EDFC710056EF17 /* UserUseCase.swift */,
			);
			path = UseCases;
			sourceTree = "<group>";
		};
		8604235527EDF0730056EF17 /* Repositories */ = {
			isa = PBXGroup;
			children = (
				8604231127E32FB20056EF17 /* Network */,
				8604236627EDF3C40056EF17 /* Local */,
			);
			path = Repositories;
			sourceTree = "<group>";
		};
		8604235C27EDF1160056EF17 /* Home */ = {
			isa = PBXGroup;
			children = (
				8604235D27EDF1530056EF17 /* HomeContentView.swift */,
				8604235F27EDF17B0056EF17 /* HomeCoordinator.swift */,
				8604236127EDF1850056EF17 /* HomeViewModel.swift */,
			);
			path = Home;
			sourceTree = "<group>";
		};
		8604236427EDF2F00056EF17 /* Managers */ = {
			isa = PBXGroup;
			children = (
				8604237827EDF9B50056EF17 /* NotificationManager.swift */,
			);
			path = Managers;
			sourceTree = "<group>";
		};
		8604236527EDF3470056EF17 /* Configurations */ = {
			isa = PBXGroup;
			children = (
				8604235327EDEFF10056EF17 /* App */,
			);
			path = Configurations;
			sourceTree = "<group>";
		};
		8604236627EDF3C40056EF17 /* Local */ = {
			isa = PBXGroup;
			children = (
				8604236727EDF45D0056EF17 /* Realm */,
			);
			path = Local;
			sourceTree = "<group>";
		};
		8604236727EDF45D0056EF17 /* Realm */ = {
			isa = PBXGroup;
			children = (
				8604236827EDF4680056EF17 /* Repository.swift */,
			);
			path = Realm;
			sourceTree = "<group>";
		};
		8604236A27EDF4F00056EF17 /* Plugins */ = {
			isa = PBXGroup;
			children = (
				8604237F27EDFCC90056EF17 /* Network */,
				8604237E27EDFCC20056EF17 /* App */,
			);
			path = Plugins;
			sourceTree = "<group>";
		};
		8604236D27EDF5B50056EF17 /* Root */ = {
			isa = PBXGroup;
			children = (
				8604236E27EDF5C80056EF17 /* BaseCoordinator.swift */,
				8604235827EDF0E30056EF17 /* AppRootCoordinator.swift */,
				8604235627EDF0E30056EF17 /* AppRootView.swift */,
				8604235727EDF0E30056EF17 /* AppRootViewModel.swift */,
			);
			path = Root;
			sourceTree = "<group>";
		};
		8604237027EDF6BA0056EF17 /* ViewLibrary */ = {
			isa = PBXGroup;
			children = (
				8604237427EDF76E0056EF17 /* Components */,
				8604237327EDF7590056EF17 /* Atomics */,
			);
			path = ViewLibrary;
			sourceTree = "<group>";
		};
		8604237327EDF7590056EF17 /* Atomics */ = {
			isa = PBXGroup;
			children = (
				8604237627EDF83A0056EF17 /* TextShimmer.swift */,
			);
			path = Atomics;
			sourceTree = "<group>";
		};
		8604237427EDF76E0056EF17 /* Components */ = {
			isa = PBXGroup;
			children = (
				8604237127EDF6E20056EF17 /* SplashView.swift */,
			);
			path = Components;
			sourceTree = "<group>";
		};
		8604237E27EDFCC20056EF17 /* App */ = {
			isa = PBXGroup;
			children = (
				8604236B27EDF5060056EF17 /* AppDelegate.swift */,
			);
			path = App;
			sourceTree = "<group>";
		};
		8604237F27EDFCC90056EF17 /* Network */ = {
			isa = PBXGroup;
			children = (
				8604238027EDFCE70056EF17 /* NetworkLogger.swift */,
			);
			path = Network;
			sourceTree = "<group>";
		};
		8604238227EE00920056EF17 /* MainUI */ = {
			isa = PBXGroup;
			children = (
				86FE295027DC8E6000EF2C70 /* CodeBaseProjectApp.swift */,
				86FE295227DC8E6000EF2C70 /* ContentView.swift */,
			);
			path = MainUI;
			sourceTree = "<group>";
		};
		86FE294427DC8E6000EF2C70 = {
			isa = PBXGroup;
			children = (
				86FE294F27DC8E6000EF2C70 /* CodeBaseProject */,
				86FE296027DC8E6300EF2C70 /* CodeBaseProjectTests */,
				86FE296A27DC8E6300EF2C70 /* CodeBaseProjectUITests */,
				86FE294E27DC8E6000EF2C70 /* Products */,
			);
			sourceTree = "<group>";
		};
		86FE294E27DC8E6000EF2C70 /* Products */ = {
			isa = PBXGroup;
			children = (
				86FE294D27DC8E6000EF2C70 /* CodeBaseProject.app */,
				86FE295D27DC8E6300EF2C70 /* CodeBaseProjectTests.xctest */,
				86FE296727DC8E6300EF2C70 /* CodeBaseProjectUITests.xctest */,
			);
			name = Products;
			sourceTree = "<group>";
		};
		86FE294F27DC8E6000EF2C70 /* CodeBaseProject */ = {
			isa = PBXGroup;
			children = (
				8604236427EDF2F00056EF17 /* Managers */,
				8604236527EDF3470056EF17 /* Configurations */,
				8604237027EDF6BA0056EF17 /* ViewLibrary */,
				8604236A27EDF4F00056EF17 /* Plugins */,
				8604235127EDEEF30056EF17 /* Screens */,
				8604234F27EDEE9F0056EF17 /* Domain */,
				86FE295627DC8E6300EF2C70 /* Preview Content */,
			);
			path = CodeBaseProject;
			sourceTree = "<group>";
		};
		86FE295627DC8E6300EF2C70 /* Preview Content */ = {
			isa = PBXGroup;
			children = (
				86FE295727DC8E6300EF2C70 /* Preview Assets.xcassets */,
			);
			path = "Preview Content";
			sourceTree = "<group>";
		};
		86FE296027DC8E6300EF2C70 /* CodeBaseProjectTests */ = {
			isa = PBXGroup;
			children = (
				86FE296127DC8E6300EF2C70 /* CodeBaseProjectTests.swift */,
			);
			path = CodeBaseProjectTests;
			sourceTree = "<group>";
		};
		86FE296A27DC8E6300EF2C70 /* CodeBaseProjectUITests */ = {
			isa = PBXGroup;
			children = (
				86FE296B27DC8E6300EF2C70 /* CodeBaseProjectUITests.swift */,
				86FE296D27DC8E6300EF2C70 /* CodeBaseProjectUITestsLaunchTests.swift */,
			);
			path = CodeBaseProjectUITests;
			sourceTree = "<group>";
		};
/* End PBXGroup section */

/* Begin PBXNativeTarget section */
		86FE294C27DC8E6000EF2C70 /* CodeBaseProject */ = {
			isa = PBXNativeTarget;
			buildConfigurationList = 86FE297127DC8E6300EF2C70 /* Build configuration list for PBXNativeTarget "CodeBaseProject" */;
			buildPhases = (
				86FE294927DC8E6000EF2C70 /* Sources */,
				86FE294A27DC8E6000EF2C70 /* Frameworks */,
				86FE294B27DC8E6000EF2C70 /* Resources */,
			);
			buildRules = (
			);
			dependencies = (
			);
			name = CodeBaseProject;
			productName = CodeBaseProject;
			productReference = 86FE294D27DC8E6000EF2C70 /* CodeBaseProject.app */;
			productType = "com.apple.product-type.application";
		};
		86FE295C27DC8E6300EF2C70 /* CodeBaseProjectTests */ = {
			isa = PBXNativeTarget;
			buildConfigurationList = 86FE297427DC8E6300EF2C70 /* Build configuration list for PBXNativeTarget "CodeBaseProjectTests" */;
			buildPhases = (
				86FE295927DC8E6300EF2C70 /* Sources */,
				86FE295A27DC8E6300EF2C70 /* Frameworks */,
				86FE295B27DC8E6300EF2C70 /* Resources */,
			);
			buildRules = (
			);
			dependencies = (
				86FE295F27DC8E6300EF2C70 /* PBXTargetDependency */,
			);
			name = CodeBaseProjectTests;
			productName = CodeBaseProjectTests;
			productReference = 86FE295D27DC8E6300EF2C70 /* CodeBaseProjectTests.xctest */;
			productType = "com.apple.product-type.bundle.unit-test";
		};
		86FE296627DC8E6300EF2C70 /* CodeBaseProjectUITests */ = {
			isa = PBXNativeTarget;
			buildConfigurationList = 86FE297727DC8E6300EF2C70 /* Build configuration list for PBXNativeTarget "CodeBaseProjectUITests" */;
			buildPhases = (
				86FE296327DC8E6300EF2C70 /* Sources */,
				86FE296427DC8E6300EF2C70 /* Frameworks */,
				86FE296527DC8E6300EF2C70 /* Resources */,
			);
			buildRules = (
			);
			dependencies = (
				86FE296927DC8E6300EF2C70 /* PBXTargetDependency */,
			);
			name = CodeBaseProjectUITests;
			productName = CodeBaseProjectUITests;
			productReference = 86FE296727DC8E6300EF2C70 /* CodeBaseProjectUITests.xctest */;
			productType = "com.apple.product-type.bundle.ui-testing";
		};
/* End PBXNativeTarget section */

/* Begin PBXProject section */
		86FE294527DC8E6000EF2C70 /* Project object */ = {
			isa = PBXProject;
			attributes = {
				BuildIndependentTargetsInParallel = 1;
				LastSwiftUpdateCheck = 1300;
				LastUpgradeCheck = 1300;
				TargetAttributes = {
					86FE294C27DC8E6000EF2C70 = {
						CreatedOnToolsVersion = 13.0;
					};
					86FE295C27DC8E6300EF2C70 = {
						CreatedOnToolsVersion = 13.0;
						TestTargetID = 86FE294C27DC8E6000EF2C70;
					};
					86FE296627DC8E6300EF2C70 = {
						CreatedOnToolsVersion = 13.0;
						TestTargetID = 86FE294C27DC8E6000EF2C70;
					};
				};
			};
			buildConfigurationList = 86FE294827DC8E6000EF2C70 /* Build configuration list for PBXProject "CodeBaseProject" */;
			compatibilityVersion = "Xcode 13.0";
			developmentRegion = en;
			hasScannedForEncodings = 0;
			knownRegions = (
				en,
				Base,
			);
			mainGroup = 86FE294427DC8E6000EF2C70;
			productRefGroup = 86FE294E27DC8E6000EF2C70 /* Products */;
			projectDirPath = "";
			projectRoot = "";
			targets = (
				86FE294C27DC8E6000EF2C70 /* CodeBaseProject */,
				86FE295C27DC8E6300EF2C70 /* CodeBaseProjectTests */,
				86FE296627DC8E6300EF2C70 /* CodeBaseProjectUITests */,
			);
		};
/* End PBXProject section */

/* Begin PBXResourcesBuildPhase section */
		86FE294B27DC8E6000EF2C70 /* Resources */ = {
			isa = PBXResourcesBuildPhase;
			buildActionMask = 2147483647;
			files = (
				86FE295827DC8E6300EF2C70 /* Preview Assets.xcassets in Resources */,
				86FE295527DC8E6300EF2C70 /* Assets.xcassets in Resources */,
			);
			runOnlyForDeploymentPostprocessing = 0;
		};
		86FE295B27DC8E6300EF2C70 /* Resources */ = {
			isa = PBXResourcesBuildPhase;
			buildActionMask = 2147483647;
			files = (
			);
			runOnlyForDeploymentPostprocessing = 0;
		};
		86FE296527DC8E6300EF2C70 /* Resources */ = {
			isa = PBXResourcesBuildPhase;
			buildActionMask = 2147483647;
			files = (
			);
			runOnlyForDeploymentPostprocessing = 0;
		};
/* End PBXResourcesBuildPhase section */

/* Begin PBXSourcesBuildPhase section */
		86FE294927DC8E6000EF2C70 /* Sources */ = {
			isa = PBXSourcesBuildPhase;
			buildActionMask = 2147483647;
			files = (
				8604232D27EB8AB40056EF17 /* Endpoint.swift in Sources */,
				8604236227EDF1850056EF17 /* HomeViewModel.swift in Sources */,
				8604234627ECD8A30056EF17 /* OnlineProvider.swift in Sources */,
				8604232327EA37780056EF17 /* DataLoader.swift in Sources */,
				8604234A27ED07F00056EF17 /* BaseNetwork.swift in Sources */,
				8604233327EBA1390056EF17 /* AFError.swift in Sources */,
				8604237927EDF9B50056EF17 /* NotificationManager.swift in Sources */,
				8604232B27EAA92F0056EF17 /* APIClientDelegate.swift in Sources */,
				86FE295327DC8E6000EF2C70 /* ContentView.swift in Sources */,
				8604233527EBA2400056EF17 /* ServerTrustManager.swift in Sources */,
				8604237B27EDFA3F0056EF17 /* AppSetting.swift in Sources */,
				8604235927EDF0E30056EF17 /* AppRootView.swift in Sources */,
				8604234427ECBAA50056EF17 /* Plugin.swift in Sources */,
				8604232627EA38300056EF17 /* OperationQueue+MaxNumber.swift in Sources */,
				8604231427E32FEB0056EF17 /* Request.swift in Sources */,
				8604231F27EA36DB0056EF17 /* Common.swift in Sources */,
				8604234027ECB42C0056EF17 /* NetworkingType.swift in Sources */,
				8604235B27EDF0E30056EF17 /* AppRootCoordinator.swift in Sources */,
				8604233D27ECB2DF0056EF17 /* UserNetwork.swift in Sources */,
				8604235E27EDF1530056EF17 /* HomeContentView.swift in Sources */,
				8604236C27EDF5060056EF17 /* AppDelegate.swift in Sources */,
				8604236F27EDF5C80056EF17 /* BaseCoordinator.swift in Sources */,
				8604237727EDF83A0056EF17 /* TextShimmer.swift in Sources */,
				8604232827EAA8E70056EF17 /* APIError.swift in Sources */,
				8604237227EDF6E30056EF17 /* SplashView.swift in Sources */,
				8604238127EDFCE80056EF17 /* NetworkLogger.swift in Sources */,
				8604233827EBAE5D0056EF17 /* Task.swift in Sources */,
				8604234827ED01B00056EF17 /* RequestFactory.swift in Sources */,
				8604235A27EDF0E30056EF17 /* AppRootViewModel.swift in Sources */,
				8604231827E8E2270056EF17 /* URLSessionProxyDelegate.swift in Sources */,
				8604233A27ECADBD0056EF17 /* UserAPI.swift in Sources */,
				8604231D27EA36AA0056EF17 /* Serializer.swift in Sources */,
				8604234C27ED08AD0056EF17 /* DateExtensions.swift in Sources */,
				8604232F27EB91790056EF17 /* ValidationType.swift in Sources */,
				8604237D27EDFC710056EF17 /* UserUseCase.swift in Sources */,
				86FE295127DC8E6000EF2C70 /* CodeBaseProjectApp.swift in Sources */,
				8604232127EA375B0056EF17 /* URLRequest+Curl.swift in Sources */,
				8604236927EDF4680056EF17 /* Repository.swift in Sources */,
				8604231A27E8E47D0056EF17 /* Response.swift in Sources */,
				8604236027EDF17B0056EF17 /* HomeCoordinator.swift in Sources */,
				8604231627E338E00056EF17 /* APIClient.swift in Sources */,
				8604234227ECB7360056EF17 /* NetworkingConstructor.swift in Sources */,
			);
			runOnlyForDeploymentPostprocessing = 0;
		};
		86FE295927DC8E6300EF2C70 /* Sources */ = {
			isa = PBXSourcesBuildPhase;
			buildActionMask = 2147483647;
			files = (
				86FE296227DC8E6300EF2C70 /* CodeBaseProjectTests.swift in Sources */,
			);
			runOnlyForDeploymentPostprocessing = 0;
		};
		86FE296327DC8E6300EF2C70 /* Sources */ = {
			isa = PBXSourcesBuildPhase;
			buildActionMask = 2147483647;
			files = (
				86FE296E27DC8E6300EF2C70 /* CodeBaseProjectUITestsLaunchTests.swift in Sources */,
				86FE296C27DC8E6300EF2C70 /* CodeBaseProjectUITests.swift in Sources */,
			);
			runOnlyForDeploymentPostprocessing = 0;
		};
/* End PBXSourcesBuildPhase section */

/* Begin PBXTargetDependency section */
		86FE295F27DC8E6300EF2C70 /* PBXTargetDependency */ = {
			isa = PBXTargetDependency;
			target = 86FE294C27DC8E6000EF2C70 /* CodeBaseProject */;
			targetProxy = 86FE295E27DC8E6300EF2C70 /* PBXContainerItemProxy */;
		};
		86FE296927DC8E6300EF2C70 /* PBXTargetDependency */ = {
			isa = PBXTargetDependency;
			target = 86FE294C27DC8E6000EF2C70 /* CodeBaseProject */;
			targetProxy = 86FE296827DC8E6300EF2C70 /* PBXContainerItemProxy */;
		};
/* End PBXTargetDependency section */

/* Begin XCBuildConfiguration section */
		86FE296F27DC8E6300EF2C70 /* Debug */ = {
			isa = XCBuildConfiguration;
			buildSettings = {
				ALWAYS_SEARCH_USER_PATHS = NO;
				CLANG_ANALYZER_NONNULL = YES;
				CLANG_ANALYZER_NUMBER_OBJECT_CONVERSION = YES_AGGRESSIVE;
				CLANG_CXX_LANGUAGE_STANDARD = "gnu++17";
				CLANG_CXX_LIBRARY = "libc++";
				CLANG_ENABLE_MODULES = YES;
				CLANG_ENABLE_OBJC_ARC = YES;
				CLANG_ENABLE_OBJC_WEAK = YES;
				CLANG_WARN_BLOCK_CAPTURE_AUTORELEASING = YES;
				CLANG_WARN_BOOL_CONVERSION = YES;
				CLANG_WARN_COMMA = YES;
				CLANG_WARN_CONSTANT_CONVERSION = YES;
				CLANG_WARN_DEPRECATED_OBJC_IMPLEMENTATIONS = YES;
				CLANG_WARN_DIRECT_OBJC_ISA_USAGE = YES_ERROR;
				CLANG_WARN_DOCUMENTATION_COMMENTS = YES;
				CLANG_WARN_EMPTY_BODY = YES;
				CLANG_WARN_ENUM_CONVERSION = YES;
				CLANG_WARN_INFINITE_RECURSION = YES;
				CLANG_WARN_INT_CONVERSION = YES;
				CLANG_WARN_NON_LITERAL_NULL_CONVERSION = YES;
				CLANG_WARN_OBJC_IMPLICIT_RETAIN_SELF = YES;
				CLANG_WARN_OBJC_LITERAL_CONVERSION = YES;
				CLANG_WARN_OBJC_ROOT_CLASS = YES_ERROR;
				CLANG_WARN_QUOTED_INCLUDE_IN_FRAMEWORK_HEADER = YES;
				CLANG_WARN_RANGE_LOOP_ANALYSIS = YES;
				CLANG_WARN_STRICT_PROTOTYPES = YES;
				CLANG_WARN_SUSPICIOUS_MOVE = YES;
				CLANG_WARN_UNGUARDED_AVAILABILITY = YES_AGGRESSIVE;
				CLANG_WARN_UNREACHABLE_CODE = YES;
				CLANG_WARN__DUPLICATE_METHOD_MATCH = YES;
				COPY_PHASE_STRIP = NO;
				DEBUG_INFORMATION_FORMAT = dwarf;
				ENABLE_STRICT_OBJC_MSGSEND = YES;
				ENABLE_TESTABILITY = YES;
				GCC_C_LANGUAGE_STANDARD = gnu11;
				GCC_DYNAMIC_NO_PIC = NO;
				GCC_NO_COMMON_BLOCKS = YES;
				GCC_OPTIMIZATION_LEVEL = 0;
				GCC_PREPROCESSOR_DEFINITIONS = (
					"DEBUG=1",
					"$(inherited)",
				);
				GCC_WARN_64_TO_32_BIT_CONVERSION = YES;
				GCC_WARN_ABOUT_RETURN_TYPE = YES_ERROR;
				GCC_WARN_UNDECLARED_SELECTOR = YES;
				GCC_WARN_UNINITIALIZED_AUTOS = YES_AGGRESSIVE;
				GCC_WARN_UNUSED_FUNCTION = YES;
				GCC_WARN_UNUSED_VARIABLE = YES;
				IPHONEOS_DEPLOYMENT_TARGET = 15.0;
				MTL_ENABLE_DEBUG_INFO = INCLUDE_SOURCE;
				MTL_FAST_MATH = YES;
				ONLY_ACTIVE_ARCH = YES;
				SDKROOT = iphoneos;
				SWIFT_ACTIVE_COMPILATION_CONDITIONS = DEBUG;
				SWIFT_OPTIMIZATION_LEVEL = "-Onone";
			};
			name = Debug;
		};
		86FE297027DC8E6300EF2C70 /* Release */ = {
			isa = XCBuildConfiguration;
			buildSettings = {
				ALWAYS_SEARCH_USER_PATHS = NO;
				CLANG_ANALYZER_NONNULL = YES;
				CLANG_ANALYZER_NUMBER_OBJECT_CONVERSION = YES_AGGRESSIVE;
				CLANG_CXX_LANGUAGE_STANDARD = "gnu++17";
				CLANG_CXX_LIBRARY = "libc++";
				CLANG_ENABLE_MODULES = YES;
				CLANG_ENABLE_OBJC_ARC = YES;
				CLANG_ENABLE_OBJC_WEAK = YES;
				CLANG_WARN_BLOCK_CAPTURE_AUTORELEASING = YES;
				CLANG_WARN_BOOL_CONVERSION = YES;
				CLANG_WARN_COMMA = YES;
				CLANG_WARN_CONSTANT_CONVERSION = YES;
				CLANG_WARN_DEPRECATED_OBJC_IMPLEMENTATIONS = YES;
				CLANG_WARN_DIRECT_OBJC_ISA_USAGE = YES_ERROR;
				CLANG_WARN_DOCUMENTATION_COMMENTS = YES;
				CLANG_WARN_EMPTY_BODY = YES;
				CLANG_WARN_ENUM_CONVERSION = YES;
				CLANG_WARN_INFINITE_RECURSION = YES;
				CLANG_WARN_INT_CONVERSION = YES;
				CLANG_WARN_NON_LITERAL_NULL_CONVERSION = YES;
				CLANG_WARN_OBJC_IMPLICIT_RETAIN_SELF = YES;
				CLANG_WARN_OBJC_LITERAL_CONVERSION = YES;
				CLANG_WARN_OBJC_ROOT_CLASS = YES_ERROR;
				CLANG_WARN_QUOTED_INCLUDE_IN_FRAMEWORK_HEADER = YES;
				CLANG_WARN_RANGE_LOOP_ANALYSIS = YES;
				CLANG_WARN_STRICT_PROTOTYPES = YES;
				CLANG_WARN_SUSPICIOUS_MOVE = YES;
				CLANG_WARN_UNGUARDED_AVAILABILITY = YES_AGGRESSIVE;
				CLANG_WARN_UNREACHABLE_CODE = YES;
				CLANG_WARN__DUPLICATE_METHOD_MATCH = YES;
				COPY_PHASE_STRIP = NO;
				DEBUG_INFORMATION_FORMAT = "dwarf-with-dsym";
				ENABLE_NS_ASSERTIONS = NO;
				ENABLE_STRICT_OBJC_MSGSEND = YES;
				GCC_C_LANGUAGE_STANDARD = gnu11;
				GCC_NO_COMMON_BLOCKS = YES;
				GCC_WARN_64_TO_32_BIT_CONVERSION = YES;
				GCC_WARN_ABOUT_RETURN_TYPE = YES_ERROR;
				GCC_WARN_UNDECLARED_SELECTOR = YES;
				GCC_WARN_UNINITIALIZED_AUTOS = YES_AGGRESSIVE;
				GCC_WARN_UNUSED_FUNCTION = YES;
				GCC_WARN_UNUSED_VARIABLE = YES;
				IPHONEOS_DEPLOYMENT_TARGET = 15.0;
				MTL_ENABLE_DEBUG_INFO = NO;
				MTL_FAST_MATH = YES;
				SDKROOT = iphoneos;
				SWIFT_COMPILATION_MODE = wholemodule;
				SWIFT_OPTIMIZATION_LEVEL = "-O";
				VALIDATE_PRODUCT = YES;
			};
			name = Release;
		};
		86FE297227DC8E6300EF2C70 /* Debug */ = {
			isa = XCBuildConfiguration;
			buildSettings = {
				ASSETCATALOG_COMPILER_APPICON_NAME = AppIcon;
				ASSETCATALOG_COMPILER_GLOBAL_ACCENT_COLOR_NAME = AccentColor;
				CODE_SIGN_STYLE = Automatic;
				CURRENT_PROJECT_VERSION = 1;
				DEVELOPMENT_ASSET_PATHS = "\"CodeBaseProject/Preview Content\"";
				DEVELOPMENT_TEAM = Z4YUFD45MA;
				ENABLE_PREVIEWS = YES;
				GENERATE_INFOPLIST_FILE = YES;
				INFOPLIST_KEY_UIApplicationSceneManifest_Generation = YES;
				INFOPLIST_KEY_UIApplicationSupportsIndirectInputEvents = YES;
				INFOPLIST_KEY_UILaunchScreen_Generation = YES;
				INFOPLIST_KEY_UISupportedInterfaceOrientations_iPad = "UIInterfaceOrientationPortrait UIInterfaceOrientationPortraitUpsideDown UIInterfaceOrientationLandscapeLeft UIInterfaceOrientationLandscapeRight";
				INFOPLIST_KEY_UISupportedInterfaceOrientations_iPhone = "UIInterfaceOrientationPortrait UIInterfaceOrientationLandscapeLeft UIInterfaceOrientationLandscapeRight";
				IPHONEOS_DEPLOYMENT_TARGET = 14.0;
				LD_RUNPATH_SEARCH_PATHS = (
					"$(inherited)",
					"@executable_path/Frameworks",
				);
				MARKETING_VERSION = 1.0;
				PRODUCT_BUNDLE_IDENTIFIER = com.hai.ag.CodeBaseProject;
				PRODUCT_NAME = "$(TARGET_NAME)";
				SWIFT_EMIT_LOC_STRINGS = YES;
				SWIFT_VERSION = 5.0;
				TARGETED_DEVICE_FAMILY = "1,2";
			};
			name = Debug;
		};
		86FE297327DC8E6300EF2C70 /* Release */ = {
			isa = XCBuildConfiguration;
			buildSettings = {
				ASSETCATALOG_COMPILER_APPICON_NAME = AppIcon;
				ASSETCATALOG_COMPILER_GLOBAL_ACCENT_COLOR_NAME = AccentColor;
				CODE_SIGN_STYLE = Automatic;
				CURRENT_PROJECT_VERSION = 1;
				DEVELOPMENT_ASSET_PATHS = "\"CodeBaseProject/Preview Content\"";
				DEVELOPMENT_TEAM = Z4YUFD45MA;
				ENABLE_PREVIEWS = YES;
				GENERATE_INFOPLIST_FILE = YES;
				INFOPLIST_KEY_UIApplicationSceneManifest_Generation = YES;
				INFOPLIST_KEY_UIApplicationSupportsIndirectInputEvents = YES;
				INFOPLIST_KEY_UILaunchScreen_Generation = YES;
				INFOPLIST_KEY_UISupportedInterfaceOrientations_iPad = "UIInterfaceOrientationPortrait UIInterfaceOrientationPortraitUpsideDown UIInterfaceOrientationLandscapeLeft UIInterfaceOrientationLandscapeRight";
				INFOPLIST_KEY_UISupportedInterfaceOrientations_iPhone = "UIInterfaceOrientationPortrait UIInterfaceOrientationLandscapeLeft UIInterfaceOrientationLandscapeRight";
				IPHONEOS_DEPLOYMENT_TARGET = 14.0;
				LD_RUNPATH_SEARCH_PATHS = (
					"$(inherited)",
					"@executable_path/Frameworks",
				);
				MARKETING_VERSION = 1.0;
				PRODUCT_BUNDLE_IDENTIFIER = com.hai.ag.CodeBaseProject;
				PRODUCT_NAME = "$(TARGET_NAME)";
				SWIFT_EMIT_LOC_STRINGS = YES;
				SWIFT_VERSION = 5.0;
				TARGETED_DEVICE_FAMILY = "1,2";
			};
			name = Release;
		};
		86FE297527DC8E6300EF2C70 /* Debug */ = {
			isa = XCBuildConfiguration;
			buildSettings = {
				ALWAYS_EMBED_SWIFT_STANDARD_LIBRARIES = YES;
				BUNDLE_LOADER = "$(TEST_HOST)";
				CODE_SIGN_STYLE = Automatic;
				CURRENT_PROJECT_VERSION = 1;
				DEVELOPMENT_TEAM = Z4YUFD45MA;
				GENERATE_INFOPLIST_FILE = YES;
				IPHONEOS_DEPLOYMENT_TARGET = 14.0;
				LD_RUNPATH_SEARCH_PATHS = (
					"$(inherited)",
					"@executable_path/Frameworks",
					"@loader_path/Frameworks",
				);
				MARKETING_VERSION = 1.0;
				PRODUCT_BUNDLE_IDENTIFIER = com.hai.ag.CodeBaseProjectTests;
				PRODUCT_NAME = "$(TARGET_NAME)";
				SWIFT_EMIT_LOC_STRINGS = NO;
				SWIFT_VERSION = 5.0;
				TARGETED_DEVICE_FAMILY = "1,2";
				TEST_HOST = "$(BUILT_PRODUCTS_DIR)/CodeBaseProject.app/CodeBaseProject";
			};
			name = Debug;
		};
		86FE297627DC8E6300EF2C70 /* Release */ = {
			isa = XCBuildConfiguration;
			buildSettings = {
				ALWAYS_EMBED_SWIFT_STANDARD_LIBRARIES = YES;
				BUNDLE_LOADER = "$(TEST_HOST)";
				CODE_SIGN_STYLE = Automatic;
				CURRENT_PROJECT_VERSION = 1;
				DEVELOPMENT_TEAM = Z4YUFD45MA;
				GENERATE_INFOPLIST_FILE = YES;
				IPHONEOS_DEPLOYMENT_TARGET = 14.0;
				LD_RUNPATH_SEARCH_PATHS = (
					"$(inherited)",
					"@executable_path/Frameworks",
					"@loader_path/Frameworks",
				);
				MARKETING_VERSION = 1.0;
				PRODUCT_BUNDLE_IDENTIFIER = com.hai.ag.CodeBaseProjectTests;
				PRODUCT_NAME = "$(TARGET_NAME)";
				SWIFT_EMIT_LOC_STRINGS = NO;
				SWIFT_VERSION = 5.0;
				TARGETED_DEVICE_FAMILY = "1,2";
				TEST_HOST = "$(BUILT_PRODUCTS_DIR)/CodeBaseProject.app/CodeBaseProject";
			};
			name = Release;
		};
		86FE297827DC8E6300EF2C70 /* Debug */ = {
			isa = XCBuildConfiguration;
			buildSettings = {
				ALWAYS_EMBED_SWIFT_STANDARD_LIBRARIES = YES;
				CODE_SIGN_STYLE = Automatic;
				CURRENT_PROJECT_VERSION = 1;
				DEVELOPMENT_TEAM = Z4YUFD45MA;
				GENERATE_INFOPLIST_FILE = YES;
				LD_RUNPATH_SEARCH_PATHS = (
					"$(inherited)",
					"@executable_path/Frameworks",
					"@loader_path/Frameworks",
				);
				MARKETING_VERSION = 1.0;
				PRODUCT_BUNDLE_IDENTIFIER = com.hai.ag.CodeBaseProjectUITests;
				PRODUCT_NAME = "$(TARGET_NAME)";
				SWIFT_EMIT_LOC_STRINGS = NO;
				SWIFT_VERSION = 5.0;
				TARGETED_DEVICE_FAMILY = "1,2";
				TEST_TARGET_NAME = CodeBaseProject;
			};
			name = Debug;
		};
		86FE297927DC8E6300EF2C70 /* Release */ = {
			isa = XCBuildConfiguration;
			buildSettings = {
				ALWAYS_EMBED_SWIFT_STANDARD_LIBRARIES = YES;
				CODE_SIGN_STYLE = Automatic;
				CURRENT_PROJECT_VERSION = 1;
				DEVELOPMENT_TEAM = Z4YUFD45MA;
				GENERATE_INFOPLIST_FILE = YES;
				LD_RUNPATH_SEARCH_PATHS = (
					"$(inherited)",
					"@executable_path/Frameworks",
					"@loader_path/Frameworks",
				);
				MARKETING_VERSION = 1.0;
				PRODUCT_BUNDLE_IDENTIFIER = com.hai.ag.CodeBaseProjectUITests;
				PRODUCT_NAME = "$(TARGET_NAME)";
				SWIFT_EMIT_LOC_STRINGS = NO;
				SWIFT_VERSION = 5.0;
				TARGETED_DEVICE_FAMILY = "1,2";
				TEST_TARGET_NAME = CodeBaseProject;
			};
			name = Release;
		};
/* End XCBuildConfiguration section */

/* Begin XCConfigurationList section */
		86FE294827DC8E6000EF2C70 /* Build configuration list for PBXProject "CodeBaseProject" */ = {
			isa = XCConfigurationList;
			buildConfigurations = (
				86FE296F27DC8E6300EF2C70 /* Debug */,
				86FE297027DC8E6300EF2C70 /* Release */,
			);
			defaultConfigurationIsVisible = 0;
			defaultConfigurationName = Release;
		};
		86FE297127DC8E6300EF2C70 /* Build configuration list for PBXNativeTarget "CodeBaseProject" */ = {
			isa = XCConfigurationList;
			buildConfigurations = (
				86FE297227DC8E6300EF2C70 /* Debug */,
				86FE297327DC8E6300EF2C70 /* Release */,
			);
			defaultConfigurationIsVisible = 0;
			defaultConfigurationName = Release;
		};
		86FE297427DC8E6300EF2C70 /* Build configuration list for PBXNativeTarget "CodeBaseProjectTests" */ = {
			isa = XCConfigurationList;
			buildConfigurations = (
				86FE297527DC8E6300EF2C70 /* Debug */,
				86FE297627DC8E6300EF2C70 /* Release */,
			);
			defaultConfigurationIsVisible = 0;
			defaultConfigurationName = Release;
		};
		86FE297727DC8E6300EF2C70 /* Build configuration list for PBXNativeTarget "CodeBaseProjectUITests" */ = {
			isa = XCConfigurationList;
			buildConfigurations = (
				86FE297827DC8E6300EF2C70 /* Debug */,
				86FE297927DC8E6300EF2C70 /* Release */,
			);
			defaultConfigurationIsVisible = 0;
			defaultConfigurationName = Release;
		};
/* End XCConfigurationList section */
	};
	rootObject = 86FE294527DC8E6000EF2C70 /* Project object */;
}
